
Microsoft Visual Studio Solution File, Format Version 12.00
# Visual Studio 15
VisualStudioVersion = 15.0.27703.2000
MinimumVisualStudioVersion = 10.0.40219.1
Project("{8BC9CEB8-8B4A-11D0-8D11-00A0C91BC942}") = "lkCommon", "lkCommon\lkCommon.vcxproj", "{84117119-0EFF-4213-93AB-E34F8E44725E}"
EndProject
Project("{8BC9CEB8-8B4A-11D0-8D11-00A0C91BC942}") = "lkCommonTest", "lkCommonTest\lkCommonTest.vcxproj", "{1F1490F7-BFB9-4F69-9C64-7E681AC98A46}"
	ProjectSection(ProjectDependencies) = postProject
		{84117119-0EFF-4213-93AB-E34F8E44725E} = {84117119-0EFF-4213-93AB-E34F8E44725E}
	EndProjectSection
EndProject
Global
	GlobalSection(SolutionConfigurationPlatforms) = preSolution
		Debug|x64 = Debug|x64
		Debug|x86 = Debug|x86
		Release|x64 = Release|x64
		Release|x86 = Release|x86
	EndGlobalSection
	GlobalSection(ProjectConfigurationPlatforms) = postSolution
		{84117119-0EFF-4213-93AB-E34F8E44725E}.Debug|x64.ActiveCfg = Debug|x64
		{84117119-0EFF-4213-93AB-E34F8E44725E}.Debug|x64.Build.0 = Debug|x64
		{84117119-0EFF-4213-93AB-E34F8E44725E}.Debug|x86.ActiveCfg = Debug|Win32
		{84117119-0EFF-4213-93AB-E34F8E44725E}.Debug|x86.Build.0 = Debug|Win32
		{84117119-0EFF-4213-93AB-E34F8E44725E}.Release|x64.ActiveCfg = Release|x64
		{84117119-0EFF-4213-93AB-E34F8E44725E}.Release|x64.Build.0 = Release|x64
		{84117119-0EFF-4213-93AB-E34F8E44725E}.Release|x86.ActiveCfg = Release|Win32
		{84117119-0EFF-4213-93AB-E34F8E44725E}.Release|x86.Build.0 = Release|Win32
		{1F1490F7-BFB9-4F69-9C64-7E681AC98A46}.Debug|x64.ActiveCfg = Debug|x64
		{1F1490F7-BFB9-4F69-9C64-7E681AC98A46}.Debug|x64.Build.0 = Debug|x64
		{1F1490F7-BFB9-4F69-9C64-7E681AC98A46}.Debug|x86.ActiveCfg = Debug|Win32
		{1F1490F7-BFB9-4F69-9C64-7E681AC98A46}.Debug|x86.Build.0 = Debug|Win32
		{1F1490F7-BFB9-4F69-9C64-7E681AC98A46}.Release|x64.ActiveCfg = Release|x64
		{1F1490F7-BFB9-4F69-9C64-7E681AC98A46}.Release|x64.Build.0 = Release|x64
		{1F1490F7-BFB9-4F69-9C64-7E681AC98A46}.Release|x86.ActiveCfg = Release|Win32
		{1F1490F7-BFB9-4F69-9C64-7E681AC98A46}.Release|x86.Build.0 = Release|Win32
	EndGlobalSection
	GlobalSection(SolutionProperties) = preSolution
		HideSolutionNode = FALSE
	EndGlobalSection
	GlobalSection(ExtensibilityGlobals) = postSolution
		SolutionGuid = {57390DFA-0F2E-4E7C-85FC-07A54C255F50}
	EndGlobalSection
EndGlobal
